
Microsoft Visual Studio Solution File, Format Version 12.00
# Visual Studio Version 17
VisualStudioVersion = 17.0.32014.148
MinimumVisualStudioVersion = 10.0.40219.1
Project("{2150E333-8FDC-42A3-9474-1A3956D46DE8}") = "src", "src", "{D3ED7783-2ACB-4DCA-A585-39529914EC2C}"
EndProject
Project("{2150E333-8FDC-42A3-9474-1A3956D46DE8}") = "Core", "Core", "{093D6C10-4990-41FC-8D26-D36B71DB4A52}"
EndProject
Project("{2150E333-8FDC-42A3-9474-1A3956D46DE8}") = "Infrastructure", "Infrastructure", "{296DC4EB-0E07-434E-9EEA-5E33B0369F20}"
EndProject
Project("{9A19103F-16F7-4668-BE54-9A1E7A4F7556}") = "Clean.Application", "src\Core\Clean.Application\Clean.Application.csproj", "{52089654-2F05-4374-9F8E-6C73CC18AE03}"
EndProject
Project("{9A19103F-16F7-4668-BE54-9A1E7A4F7556}") = "Clean.Domain", "src\Core\Clean.Domain\Clean.Domain.csproj", "{E2652A7A-6BD3-45DD-AE69-E2797607E0CF}"
EndProject
Project("{9A19103F-16F7-4668-BE54-9A1E7A4F7556}") = "Clean.Identity", "src\Infrastructure\Clean.Identity\Clean.Identity.csproj", "{DF92E306-BA19-4B78-8A17-2EC52B90A8A8}"
EndProject
Project("{9A19103F-16F7-4668-BE54-9A1E7A4F7556}") = "Clean.Infrastructure", "src\Infrastructure\Clean.Infrastructure\Clean.Infrastructure.csproj", "{EA816D32-182B-428A-8616-D11163212C5E}"
EndProject
Project("{9A19103F-16F7-4668-BE54-9A1E7A4F7556}") = "Clean.Persistence", "src\Infrastructure\Clean.Persistence\Clean.Persistence.csproj", "{32584E42-D498-4305-B688-D997FDFFF8BB}"
EndProject
Project("{2150E333-8FDC-42A3-9474-1A3956D46DE8}") = "test", "test", "{EE4F923C-56C3-4E35-95EC-3AF3C24F38D8}"
EndProject
Project("{9A19103F-16F7-4668-BE54-9A1E7A4F7556}") = "Clean.Persistence.IntegrationTests", "test\Clean.Persistence.IntegrationTests\Clean.Persistence.IntegrationTests.csproj", "{EF313E15-FAA8-4750-A38B-B42CC0CC568B}"
	ProjectSection(ProjectDependencies) = postProject
		{52089654-2F05-4374-9F8E-6C73CC18AE03} = {52089654-2F05-4374-9F8E-6C73CC18AE03}
		{E2652A7A-6BD3-45DD-AE69-E2797607E0CF} = {E2652A7A-6BD3-45DD-AE69-E2797607E0CF}
		{32584E42-D498-4305-B688-D997FDFFF8BB} = {32584E42-D498-4305-B688-D997FDFFF8BB}
		{DF92E306-BA19-4B78-8A17-2EC52B90A8A8} = {DF92E306-BA19-4B78-8A17-2EC52B90A8A8}
	EndProjectSection
EndProject
Project("{9A19103F-16F7-4668-BE54-9A1E7A4F7556}") = "Clean.Application.UnitTests", "test\Clean.Application.UnitTests\Clean.Application.UnitTests.csproj", "{5C306E6C-6104-402D-8EF7-D9C0BA8305F5}"
EndProject
Project("{9A19103F-16F7-4668-BE54-9A1E7A4F7556}") = "Clean.Identity.UnitTests", "test\Clean.Identity.UnitTests\Clean.Identity.UnitTests.csproj", "{1EBF08E6-A6B8-4A3B-8F7A-3D8CAD90E8D9}"
EndProject
Project("{9A19103F-16F7-4668-BE54-9A1E7A4F7556}") = "Clean.Infrastructure.UnitTests", "test\Clean.Infrastructure.UnitTests\Clean.Infrastructure.UnitTests.csproj", "{B9B646E9-2C75-42B2-98F1-3B184CC9F204}"
EndProject
Project("{2150E333-8FDC-42A3-9474-1A3956D46DE8}") = "API", "API", "{93667A68-9A9A-428B-9DB4-5138D902F2D3}"
EndProject
Project("{9A19103F-16F7-4668-BE54-9A1E7A4F7556}") = "Clean.Api", "src\API\Clean.Api\Clean.Api.csproj", "{D9C00956-0830-4A6E-8293-65B995058CDF}"
EndProject
Project("{9A19103F-16F7-4668-BE54-9A1E7A4F7556}") = "Clean.API.IntegrationTests", "test\Clean.API.IntegrationTests\Clean.API.IntegrationTests.csproj", "{C246585F-DBC1-4DAC-BF92-F261EC6C2173}"
EndProject
Project("{9A19103F-16F7-4668-BE54-9A1E7A4F7556}") = "Clean.API.UnitTests", "test\Clean.API.UnitTests\Clean.API.UnitTests.csproj", "{DF504562-539E-4EB7-B10C-99479396EE9E}"
EndProject
Global
	GlobalSection(SolutionConfigurationPlatforms) = preSolution
		Debug|Any CPU = Debug|Any CPU
		Release|Any CPU = Release|Any CPU
	EndGlobalSection
	GlobalSection(ProjectConfigurationPlatforms) = postSolution
		{52089654-2F05-4374-9F8E-6C73CC18AE03}.Debug|Any CPU.ActiveCfg = Debug|Any CPU
		{52089654-2F05-4374-9F8E-6C73CC18AE03}.Debug|Any CPU.Build.0 = Debug|Any CPU
		{52089654-2F05-4374-9F8E-6C73CC18AE03}.Release|Any CPU.ActiveCfg = Release|Any CPU
		{52089654-2F05-4374-9F8E-6C73CC18AE03}.Release|Any CPU.Build.0 = Release|Any CPU
		{E2652A7A-6BD3-45DD-AE69-E2797607E0CF}.Debug|Any CPU.ActiveCfg = Debug|Any CPU
		{E2652A7A-6BD3-45DD-AE69-E2797607E0CF}.Debug|Any CPU.Build.0 = Debug|Any CPU
		{E2652A7A-6BD3-45DD-AE69-E2797607E0CF}.Release|Any CPU.ActiveCfg = Release|Any CPU
		{E2652A7A-6BD3-45DD-AE69-E2797607E0CF}.Release|Any CPU.Build.0 = Release|Any CPU
		{DF92E306-BA19-4B78-8A17-2EC52B90A8A8}.Debug|Any CPU.ActiveCfg = Debug|Any CPU
		{DF92E306-BA19-4B78-8A17-2EC52B90A8A8}.Debug|Any CPU.Build.0 = Debug|Any CPU
		{DF92E306-BA19-4B78-8A17-2EC52B90A8A8}.Release|Any CPU.ActiveCfg = Release|Any CPU
		{DF92E306-BA19-4B78-8A17-2EC52B90A8A8}.Release|Any CPU.Build.0 = Release|Any CPU
		{EA816D32-182B-428A-8616-D11163212C5E}.Debug|Any CPU.ActiveCfg = Debug|Any CPU
		{EA816D32-182B-428A-8616-D11163212C5E}.Debug|Any CPU.Build.0 = Debug|Any CPU
		{EA816D32-182B-428A-8616-D11163212C5E}.Release|Any CPU.ActiveCfg = Release|Any CPU
		{EA816D32-182B-428A-8616-D11163212C5E}.Release|Any CPU.Build.0 = Release|Any CPU
		{32584E42-D498-4305-B688-D997FDFFF8BB}.Debug|Any CPU.ActiveCfg = Debug|Any CPU
		{32584E42-D498-4305-B688-D997FDFFF8BB}.Debug|Any CPU.Build.0 = Debug|Any CPU
		{32584E42-D498-4305-B688-D997FDFFF8BB}.Release|Any CPU.ActiveCfg = Release|Any CPU
		{32584E42-D498-4305-B688-D997FDFFF8BB}.Release|Any CPU.Build.0 = Release|Any CPU
		{EF313E15-FAA8-4750-A38B-B42CC0CC568B}.Debug|Any CPU.ActiveCfg = Debug|Any CPU
		{EF313E15-FAA8-4750-A38B-B42CC0CC568B}.Debug|Any CPU.Build.0 = Debug|Any CPU
		{EF313E15-FAA8-4750-A38B-B42CC0CC568B}.Release|Any CPU.ActiveCfg = Release|Any CPU
		{EF313E15-FAA8-4750-A38B-B42CC0CC568B}.Release|Any CPU.Build.0 = Release|Any CPU
		{5C306E6C-6104-402D-8EF7-D9C0BA8305F5}.Debug|Any CPU.ActiveCfg = Debug|Any CPU
		{5C306E6C-6104-402D-8EF7-D9C0BA8305F5}.Debug|Any CPU.Build.0 = Debug|Any CPU
		{5C306E6C-6104-402D-8EF7-D9C0BA8305F5}.Release|Any CPU.ActiveCfg = Release|Any CPU
		{5C306E6C-6104-402D-8EF7-D9C0BA8305F5}.Release|Any CPU.Build.0 = Release|Any CPU
		{1EBF08E6-A6B8-4A3B-8F7A-3D8CAD90E8D9}.Debug|Any CPU.ActiveCfg = Debug|Any CPU
		{1EBF08E6-A6B8-4A3B-8F7A-3D8CAD90E8D9}.Debug|Any CPU.Build.0 = Debug|Any CPU
		{1EBF08E6-A6B8-4A3B-8F7A-3D8CAD90E8D9}.Release|Any CPU.ActiveCfg = Release|Any CPU
		{1EBF08E6-A6B8-4A3B-8F7A-3D8CAD90E8D9}.Release|Any CPU.Build.0 = Release|Any CPU
		{B9B646E9-2C75-42B2-98F1-3B184CC9F204}.Debug|Any CPU.ActiveCfg = Debug|Any CPU
		{B9B646E9-2C75-42B2-98F1-3B184CC9F204}.Debug|Any CPU.Build.0 = Debug|Any CPU
		{B9B646E9-2C75-42B2-98F1-3B184CC9F204}.Release|Any CPU.ActiveCfg = Release|Any CPU
		{B9B646E9-2C75-42B2-98F1-3B184CC9F204}.Release|Any CPU.Build.0 = Release|Any CPU
		{D9C00956-0830-4A6E-8293-65B995058CDF}.Debug|Any CPU.ActiveCfg = Debug|Any CPU
		{D9C00956-0830-4A6E-8293-65B995058CDF}.Debug|Any CPU.Build.0 = Debug|Any CPU
		{D9C00956-0830-4A6E-8293-65B995058CDF}.Release|Any CPU.ActiveCfg = Release|Any CPU
		{D9C00956-0830-4A6E-8293-65B995058CDF}.Release|Any CPU.Build.0 = Release|Any CPU
		{C246585F-DBC1-4DAC-BF92-F261EC6C2173}.Debug|Any CPU.ActiveCfg = Debug|Any CPU
		{C246585F-DBC1-4DAC-BF92-F261EC6C2173}.Debug|Any CPU.Build.0 = Debug|Any CPU
		{C246585F-DBC1-4DAC-BF92-F261EC6C2173}.Release|Any CPU.ActiveCfg = Release|Any CPU
		{C246585F-DBC1-4DAC-BF92-F261EC6C2173}.Release|Any CPU.Build.0 = Release|Any CPU
		{DF504562-539E-4EB7-B10C-99479396EE9E}.Debug|Any CPU.ActiveCfg = Debug|Any CPU
		{DF504562-539E-4EB7-B10C-99479396EE9E}.Debug|Any CPU.Build.0 = Debug|Any CPU
		{DF504562-539E-4EB7-B10C-99479396EE9E}.Release|Any CPU.ActiveCfg = Release|Any CPU
		{DF504562-539E-4EB7-B10C-99479396EE9E}.Release|Any CPU.Build.0 = Release|Any CPU
	EndGlobalSection
	GlobalSection(SolutionProperties) = preSolution
		HideSolutionNode = FALSE
	EndGlobalSection
	GlobalSection(NestedProjects) = preSolution
		{093D6C10-4990-41FC-8D26-D36B71DB4A52} = {D3ED7783-2ACB-4DCA-A585-39529914EC2C}
		{296DC4EB-0E07-434E-9EEA-5E33B0369F20} = {D3ED7783-2ACB-4DCA-A585-39529914EC2C}
		{52089654-2F05-4374-9F8E-6C73CC18AE03} = {093D6C10-4990-41FC-8D26-D36B71DB4A52}
		{E2652A7A-6BD3-45DD-AE69-E2797607E0CF} = {093D6C10-4990-41FC-8D26-D36B71DB4A52}
		{DF92E306-BA19-4B78-8A17-2EC52B90A8A8} = {296DC4EB-0E07-434E-9EEA-5E33B0369F20}
		{EA816D32-182B-428A-8616-D11163212C5E} = {296DC4EB-0E07-434E-9EEA-5E33B0369F20}
		{32584E42-D498-4305-B688-D997FDFFF8BB} = {296DC4EB-0E07-434E-9EEA-5E33B0369F20}
		{EF313E15-FAA8-4750-A38B-B42CC0CC568B} = {EE4F923C-56C3-4E35-95EC-3AF3C24F38D8}
		{5C306E6C-6104-402D-8EF7-D9C0BA8305F5} = {EE4F923C-56C3-4E35-95EC-3AF3C24F38D8}
		{1EBF08E6-A6B8-4A3B-8F7A-3D8CAD90E8D9} = {EE4F923C-56C3-4E35-95EC-3AF3C24F38D8}
		{B9B646E9-2C75-42B2-98F1-3B184CC9F204} = {EE4F923C-56C3-4E35-95EC-3AF3C24F38D8}
		{93667A68-9A9A-428B-9DB4-5138D902F2D3} = {D3ED7783-2ACB-4DCA-A585-39529914EC2C}
		{D9C00956-0830-4A6E-8293-65B995058CDF} = {93667A68-9A9A-428B-9DB4-5138D902F2D3}
		{C246585F-DBC1-4DAC-BF92-F261EC6C2173} = {EE4F923C-56C3-4E35-95EC-3AF3C24F38D8}
		{DF504562-539E-4EB7-B10C-99479396EE9E} = {EE4F923C-56C3-4E35-95EC-3AF3C24F38D8}
	EndGlobalSection
	GlobalSection(ExtensibilityGlobals) = postSolution
		SolutionGuid = {920EDF2B-79D6-48A5-AF80-5C4256675664}
	EndGlobalSection
EndGlobal
